
Microsoft Visual Studio Solution File, Format Version 12.00
# Visual Studio Version 16
VisualStudioVersion = 16.0.29926.136
MinimumVisualStudioVersion = 10.0.40219.1
Project("{FAE04EC0-301F-11D3-BF4B-00C04F79EFBC}") = "数学工具", "数学工具\数学工具.csproj", "{C398572B-D821-4348-B8AE-DD1D546E95EA}"
EndProject
Project("{54435603-DBB4-11D2-8724-00A0C9A8B90C}") = "数学工具打包", "数学工具打包\分解质因数工具.vdproj", "{2A192866-D98C-49D1-8D7C-4F57461E34B3}"
EndProject
Global
	GlobalSection(SolutionConfigurationPlatforms) = preSolution
		Debug|Any CPU = Debug|Any CPU
		Release|Any CPU = Release|Any CPU
	EndGlobalSection
	GlobalSection(ProjectConfigurationPlatforms) = postSolution
		{C398572B-D821-4348-B8AE-DD1D546E95EA}.Debug|Any CPU.ActiveCfg = Debug|Any CPU
		{C398572B-D821-4348-B8AE-DD1D546E95EA}.Debug|Any CPU.Build.0 = Debug|Any CPU
		{C398572B-D821-4348-B8AE-DD1D546E95EA}.Release|Any CPU.ActiveCfg = Release|Any CPU
		{C398572B-D821-4348-B8AE-DD1D546E95EA}.Release|Any CPU.Build.0 = Release|Any CPU
		{2A192866-D98C-49D1-8D7C-4F57461E34B3}.Debug|Any CPU.ActiveCfg = Debug
		{2A192866-D98C-49D1-8D7C-4F57461E34B3}.Debug|Any CPU.Build.0 = Debug
		{2A192866-D98C-49D1-8D7C-4F57461E34B3}.Release|Any CPU.ActiveCfg = Release
		{2A192866-D98C-49D1-8D7C-4F57461E34B3}.Release|Any CPU.Build.0 = Release
	EndGlobalSection
	GlobalSection(SolutionProperties) = preSolution
		HideSolutionNode = FALSE
	EndGlobalSection
	GlobalSection(ExtensibilityGlobals) = postSolution
		SolutionGuid = {05CE5EBD-280D-46FE-AA71-AE7C363BB9C6}
	EndGlobalSection
EndGlobal
